
Microsoft Visual Studio Solution File, Format Version 12.00
# Visual Studio Version 17
VisualStudioVersion = 17.4.33213.308
MinimumVisualStudioVersion = 10.0.40219.1
Project("{9A19103F-16F7-4668-BE54-9A1E7A4F7556}") = "AWSConciertos", "AWSConciertos\AWSConciertos.csproj", "{B99A1971-ACCD-4BE5-9BBC-E5CF7ABD1BF7}"
EndProject
Global
	GlobalSection(SolutionConfigurationPlatforms) = preSolution
		Debug|Any CPU = Debug|Any CPU
		Release|Any CPU = Release|Any CPU
	EndGlobalSection
	GlobalSection(ProjectConfigurationPlatforms) = postSolution
		{B99A1971-ACCD-4BE5-9BBC-E5CF7ABD1BF7}.Debug|Any CPU.ActiveCfg = Debug|Any CPU
		{B99A1971-ACCD-4BE5-9BBC-E5CF7ABD1BF7}.Debug|Any CPU.Build.0 = Debug|Any CPU
		{B99A1971-ACCD-4BE5-9BBC-E5CF7ABD1BF7}.Release|Any CPU.ActiveCfg = Release|Any CPU
		{B99A1971-ACCD-4BE5-9BBC-E5CF7ABD1BF7}.Release|Any CPU.Build.0 = Release|Any CPU
	EndGlobalSection
	GlobalSection(SolutionProperties) = preSolution
		HideSolutionNode = FALSE
	EndGlobalSection
	GlobalSection(ExtensibilityGlobals) = postSolution
		SolutionGuid = {D29C4FBB-DD5C-42A2-BAD4-34F511D348F0}
	EndGlobalSection
EndGlobal
